
Microsoft Visual Studio Solution File, Format Version 12.00
# Visual Studio 2015
Project("{FAE04EC0-301F-11D3-BF4B-00C04F79EFBC}") = "Carbon 6 Revamped.CSharp.Plugins", "Carbon 6 Revamped.CSharp.Plugins.csproj", "{550CAED1-8BCD-FAE0-AFDF-3C47595ADA6D}"
EndProject
Project("{FAE04EC0-301F-11D3-BF4B-00C04F79EFBC}") = "Carbon 6 Revamped.CSharp", "Carbon 6 Revamped.CSharp.csproj", "{D47E311B-5F4B-57B1-253B-51DC62BCBB11}"
EndProject
Project("{FAE04EC0-301F-11D3-BF4B-00C04F79EFBC}") = "Carbon 6 Revamped.CSharp.Editor", "Carbon 6 Revamped.CSharp.Editor.csproj", "{63764767-8875-ED9E-5297-7D363F4CDCB2}"
EndProject
Global
	GlobalSection(SolutionConfigurationPlatforms) = preSolution
		Debug|Any CPU = Debug|Any CPU
		Release|Any CPU = Release|Any CPU
	EndGlobalSection
	GlobalSection(ProjectConfigurationPlatforms) = postSolution
		{550CAED1-8BCD-FAE0-AFDF-3C47595ADA6D}.Debug|Any CPU.ActiveCfg = Debug|Any CPU
		{550CAED1-8BCD-FAE0-AFDF-3C47595ADA6D}.Debug|Any CPU.Build.0 = Debug|Any CPU
		{550CAED1-8BCD-FAE0-AFDF-3C47595ADA6D}.Release|Any CPU.ActiveCfg = Release|Any CPU
		{550CAED1-8BCD-FAE0-AFDF-3C47595ADA6D}.Release|Any CPU.Build.0 = Release|Any CPU
		{D47E311B-5F4B-57B1-253B-51DC62BCBB11}.Debug|Any CPU.ActiveCfg = Debug|Any CPU
		{D47E311B-5F4B-57B1-253B-51DC62BCBB11}.Debug|Any CPU.Build.0 = Debug|Any CPU
		{D47E311B-5F4B-57B1-253B-51DC62BCBB11}.Release|Any CPU.ActiveCfg = Release|Any CPU
		{D47E311B-5F4B-57B1-253B-51DC62BCBB11}.Release|Any CPU.Build.0 = Release|Any CPU
		{63764767-8875-ED9E-5297-7D363F4CDCB2}.Debug|Any CPU.ActiveCfg = Debug|Any CPU
		{63764767-8875-ED9E-5297-7D363F4CDCB2}.Debug|Any CPU.Build.0 = Debug|Any CPU
		{63764767-8875-ED9E-5297-7D363F4CDCB2}.Release|Any CPU.ActiveCfg = Release|Any CPU
		{63764767-8875-ED9E-5297-7D363F4CDCB2}.Release|Any CPU.Build.0 = Release|Any CPU
	EndGlobalSection
	GlobalSection(SolutionProperties) = preSolution
		HideSolutionNode = FALSE
	EndGlobalSection
EndGlobal
